
Microsoft Visual Studio Solution File, Format Version 12.00
# Visual Studio Version 16
VisualStudioVersion = 16.0.34031.81
MinimumVisualStudioVersion = 10.0.40219.1
Project("{FAE04EC0-301F-11D3-BF4B-00C04F79EFBC}") = "lab02", "lab02\lab02.csproj", "{749D1F05-61D9-47DE-A63C-F7A40ED3E96C}"
EndProject
Global
	GlobalSection(SolutionConfigurationPlatforms) = preSolution
		Debug|Any CPU = Debug|Any CPU
		Release|Any CPU = Release|Any CPU
	EndGlobalSection
	GlobalSection(ProjectConfigurationPlatforms) = postSolution
		{749D1F05-61D9-47DE-A63C-F7A40ED3E96C}.Debug|Any CPU.ActiveCfg = Debug|Any CPU
		{749D1F05-61D9-47DE-A63C-F7A40ED3E96C}.Debug|Any CPU.Build.0 = Debug|Any CPU
		{749D1F05-61D9-47DE-A63C-F7A40ED3E96C}.Release|Any CPU.ActiveCfg = Release|Any CPU
		{749D1F05-61D9-47DE-A63C-F7A40ED3E96C}.Release|Any CPU.Build.0 = Release|Any CPU
	EndGlobalSection
	GlobalSection(SolutionProperties) = preSolution
		HideSolutionNode = FALSE
	EndGlobalSection
	GlobalSection(ExtensibilityGlobals) = postSolution
		SolutionGuid = {8849E5CC-ED02-4242-B650-EFBCDD59F8DD}
	EndGlobalSection
EndGlobal
